github.com/bahlo/generic-list-go v0.2.0 h1:5sz/EEAK+ls5wF+NeqDpk5+iNdMDXrh3z3nPnH1Wvgk=
github.com/bahlo/generic-list-go v0.2.0/go.mod h1:2KvAjgMlE5NNynlg/5iLrrCCZ2+5xWbdbCW3pNTGyYg=
github.com/blang/semver v3.5.1+incompatible/go.mod h1:kRBLl5iJ+tD4TcOOxsy/0fnwebNt5EWlYSAyrTnjyyk=
github.com/davecgh/go-spew v1.1.0/go.mod h1:J7Y8YcW2NihsgmVo/mv3lAwl/skON4iLHjSsI+c5H38=
github.com/gofrs/uuid/v5 v5.4.0 h1:EfbpCTjqMuGyq5ZJwxqzn3Cbr2d0rUZU7v5ycAk/e/0=
github.com/gofrs/uuid/v5 v5.4.0/go.mod h1:CDOjlDMVAtN56jqyRUZh58JT31Tiw7/oQyEXZV+9bD8=
github.com/golang/protobuf v1.3.1/go.mod h1:6lQm79b+lXiMfvg/cZm0SGofjICqVBUtrP5yJMmIC1U=
github.com/metacubex/bart v0.29.0 h1:yVc/lLdDqn+7FShI0qUghStHl0/d3mn4EH/I5R5niKk=
github.com/metacubex/bart v0.29.0/go.mod h1:DCcyfP4MC+Zy7sLK7XeGuMw+P5K9mIRsYOBgiE8icsI=
github.com/metacubex/cpu v0.1.2 h1:xJHPWLkGilSWm6vEvzz8Loe+UusODRkVnuXz96TWAZo=
github.com/metacubex/cpu v0.1.2/go.mod h1:09VEt4dSRLR+bOA8l4w4NDuzGZ8n5dkMv7e8axgEeTU=
github.com/metacubex/hkdf v0.1.0 h1:fPA6VzXK8cU1foc/TOmGCDmSa7pZbxlnqhl3RNsthaA=
github.com/metacubex/hkdf v0.1.0/go.mod h1:3seEfds3smgTAXqUGn+tgEJH3uXdsUjOiduG/2EtvZ4=
github.com/metacubex/hpke v0.1.0 h1:gu2jUNhraehWi0P/z5HX2md3d7L1FhPQE6/Q0E9r9xQ=
github.com/metacubex/hpke v0.1.0/go.mod h1:vfDm6gfgrwlXUxKDkWbcE44hXtmc1uxLDm2BcR11b3U=
github.com/metacubex/http v0.1.8 h1:d91onDan2ZXYE8W/uAy5oFmXHH2xi1L7LbGPV5EmCM0=
github.com/metacubex/http v0.1.8/go.mod h1:Nxx0zZAo2AhRfanyL+fmmK6ACMtVsfpwIl1aFAik2Eg=
github.com/metacubex/mihomo v1.19.32 h1:uD7ZC3P77isWD554NNvtee65L+99+/C5hyc+Lk8rVEk=
github.com/metacubex/mihomo v1.19.32/go.mod h1:d7xWi5iEktkC9PqXkD/Vo4AEcb0Q92XikfLoySUDWls=
github.com/metacubex/mlkem v0.1.0 h1:wFClitonSFcmipzzQvax75beLQU+D7JuC+VK1RzSL8I=
github.com/metacubex/mlkem v0.1.0/go.mod h1:amhaXZVeYNShuy9BILcR7P0gbeo/QLZsnqCdL8U2PDQ=
github.com/metacubex/qpack v0.6.0 h1:YqClGIMOpiRYLjV1qOs483Od08MdPgRnHjt90FuaAKw=
github.com/metacubex/qpack v0.6.0/go.mod h1:lKGSi7Xk94IMvHGOmxS9eIei3bvIqpOAImEBsaOwTkA=
github.com/metacubex/quic-go v0.61.1-0.20260727080200-2548683b76f4 h1:7oX6CpHVqoUXNyyt0MTuO5ywd1qVe1S1t3jXWMW7bYc=
github.com/metacubex/quic-go v0.61.1-0.20260727080200-2548683b76f4/go.mod h1:KTmibo7vZo0gCxdFWrPEQ/u/RGt92mJkrXDE2Qg2/AU=
github.com/metacubex/randv2 v0.2.0 h1:uP38uBvV2SxYfLj53kuvAjbND4RUDfFJjwr4UigMiLs=
github.com/metacubex/randv2 v0.2.0/go.mod h1:kFi2SzrQ5WuneuoLLCMkABtiBu6VRrMrWFqSPyj2cxY=
github.com/metacubex/sing v0.5.8 h1:OwJDSPP+pza6Ywt7NMR4kEYq+UNrsIywSk/eAMlqxz8=
github.com/metacubex/sing v0.5.8/go.mod h1:ypf0mjwlZm0sKdQSY+yQvmsbWa0hNPtkeqyRMGgoN+w=
github.com/metacubex/tfo-go v0.0.0-20260623020846-376a77860b8c h1:+2C1UshSLzaogLY/IDz1XhOLxjhs3rkhVHB4eCN9Zto=
github.com/metacubex/tfo-go v0.0.0-20260623020846-376a77860b8c/go.mod h1:l9oLnLoEXyGZ5RVLsh7QCC5XsouTUyKk4F2nLm2DHLw=
github.com/metacubex/tls v0.1.8 h1:BHF2payjtxC7wdR3tnq8vl3FAgEQB6/pPjP2tJNTsP4=
github.com/metacubex/tls v0.1.8/go.mod h1:0XeVdL0cBw+8i5Hqy3lVeP9IyD/LFTq02ExvHM6rzEM=
github.com/miekg/dns v1.1.63 h1:8M5aAw6OMZfFXTT7K5V0Eu5YiiL8l7nUAkyN6C9YwaY=
github.com/miekg/dns v1.1.63/go.mod h1:6NGHfjhpmr5lt3XPLuyfDJi5AXbNIPM9PY6H6sF1Nfs=
github.com/openacid/errors v0.8.1/go.mod h1:GUQEJJOJE3W9skHm8E8Y4phdl2LLEN8iD7c5gcGgdx0=
github.com/openacid/low v0.1.21 h1:Tr2GNu4N/+rGRYdOsEHOE89cxUIaDViZbVmKz29uKGo=
github.com/openacid/low v0.1.21/go.mod h1:q+MsKI6Pz2xsCkzV4BLj7NR5M4EX0sGz5AqotpZDVh0=
github.com/openacid/must v0.1.3/go.mod h1:luPiXCuJlEo3UUFQngVQokV0MPGryeYvtCbQPs3U1+I=
github.com/openacid/testkeys v0.1.6/go.mod h1:MfA7cACzBpbiwekivj8StqX0WIRmqlMsci1c37CA3Do=
github.com/pkg/errors v0.9.1/go.mod h1:bwawxfHBFNV+L2hUp1rHADufV3IMtnDRdf1r5NINEl0=
github.com/pmezard/go-difflib v1.0.0/go.mod h1:iKH77koFhYxTK1pcRnkKkqfTogsbg7gZNVY4sRDYZ/4=
github.com/samber/lo v1.53.0 h1:t975lj2py4kJPQ6haz1QMgtId2gtmfktACxIXArw3HM=
github.com/samber/lo v1.53.0/go.mod h1:4+MXEGsJzbKGaUEQFKBq2xtfuznW9oz/WrgyzMzRoM0=
github.com/sirupsen/logrus v1.9.4 h1:TsZE7l11zFCLZnZ+teH4Umoq5BhEIfIzfRDZ1Uzql2w=
github.com/sirupsen/logrus v1.9.4/go.mod h1:ftWc9WdOfJ0a92nsE2jF5u5ZwH8Bv2zdeOC42RjbV2g=
github.com/stretchr/objx v0.1.0/go.mod h1:HFkY916IF+rwdDfMAkV7OtwuqBVzrE8GR6GFx+wExME=
github.com/stretchr/testify v1.3.0/go.mod h1:M5WIy9Dh21IEIfnGCwXGc5bZfKNJtfHm1UVUgZn+9EI=
github.com/stretchr/testify v1.6.1/go.mod h1:6Fq8oRcR53rry900zMqJjRRixrwX3KX962/h/Wwjteg=
github.com/stretchr/testify v1.7.0/go.mod h1:6Fq8oRcR53rry900zMqJjRRixrwX3KX962/h/Wwjteg=
github.com/stretchr/testify v1.12.1 h1:EuwCh5fleGS7H32xRwO3wRGT7DxrDhLAT6FF8MpWDWE=
github.com/stretchr/testify v1.12.1/go.mod h1:MDEgiDPPsNp5cuIrHPPCyornHKgEVbtFUmoNlxoYthg=
go.uber.org/mock v0.4.0 h1:VcM4ZOtdbR4f6VXfiOpwpVJDL6lCReaZ6mw31wqh7KU=
go.uber.org/mock v0.4.0/go.mod h1:a6FSlNadKUHUa9IP5Vyt1zh4fC7uAwxMutEAscFbkZc=
go.yaml.in/yaml/v3 v3.0.5 h1:N6y/pJk8buWs9NY5ERU2HSMfm+IuD/OtfdAnq6kESPw=
go.yaml.in/yaml/v3 v3.0.5/go.mod h1:HVTZu1O7/Vkt2N+BFy8Zza+lnLsABggaTM2ZpNIGuKg=
golang.org/x/crypto v0.33.0 h1:IOBPskki6Lysi0lo9qQvbxiQ+FvsCC/YWOecCHAixus=
golang.org/x/crypto v0.33.0/go.mod h1:bVdXmD7IV/4GdElGPozy6U7lWdRXA4qyRVGJV57uQ5M=
golang.org/x/exp v0.0.0-20240904232852-e7e105dedf7e h1:I88y4caeGeuDQxgdoFPUq097j7kNfw6uvuiNxUBfcBk=
golang.org/x/exp v0.0.0-20240904232852-e7e105dedf7e/go.mod h1:akd2r19cwCdwSwWeIdzYQGa/EZZyqcOdwWiwj5L5eKQ=
golang.org/x/mod v0.20.0 h1:utOm6MM3R3dnawAiJgn0y+xvuYRsm1RKM/4giyfDgV0=
golang.org/x/mod v0.20.0/go.mod h1:hTbmBsO62+eylJbnUtE2MGJUyE7QWk4xUqPFrRgJ+7c=
golang.org/x/net v0.35.0 h1:T5GQRQb2y08kTAByq9L4/bz8cipCdA8FbRTXewonqY8=
golang.org/x/net v0.35.0/go.mod h1:EglIi67kWsHKlRzzVMUD93VMSWGFOMSZgxFjparz1Qk=
golang.org/x/sync v0.11.0 h1:GGz8+XQP4FvTTrjZPzNKTMFtSXH80RAzG+5ghFPgK9w=
golang.org/x/sync v0.11.0/go.mod h1:Czt+wKu1gCyEFDUtn0jG5QVvpJ6rzVqr5aXyt9drQfk=
golang.org/x/sys v0.30.0 h1:QjkSwP/36a20jFYWkSue1YwXzLmsV5Gfq7Eiy72C1uc=
golang.org/x/sys v0.30.0/go.mod h1:/VUhepiaJMQUp4+oa/7Zr1D23ma6VTLIYjOOTFZPUcA=
golang.org/x/text v0.22.0 h1:bofq7m3/HAFvbF51jz3Q9wLg3jkvSPuiZu/pD1XwgtM=
golang.org/x/text v0.22.0/go.mod h1:YRoo4H8PVmsu+E3Ou7cqLVH8oXWIHVoX0jqUWALQhfY=
golang.org/x/tools v0.24.0 h1:J1shsA93PJUEVaUSaay7UXAyE8aimq3GW0pjlolpa24=
golang.org/x/tools v0.24.0/go.mod h1:YhNqVBIfWHdzvTLs0d8LCuMhkKUgSUKldakyV7W/WDQ=
gopkg.in/check.v1 v0.0.0-20161208181325-20d25e280405/go.mod h1:Co6ibVJAznAaIkqp8huTwlJQCZ016jof/cbN4VW5Yz0=
gopkg.in/yaml.v3 v3.0.0-20200313102051-9f266ea9e77c/go.mod h1:K4uyk7z7BCEPqu6E+C64Yfv1cQ7kz7rIZviUmN+EgEM=
